
Microsoft Visual Studio Solution File, Format Version 12.00
# Visual Studio 15
VisualStudioVersion = 15.0.26124.0
MinimumVisualStudioVersion = 15.0.26124.0
Project("{FAE04EC0-301F-11D3-BF4B-00C04F79EFBC}") = "Domain", "Domain\Domain.csproj", "{A3EB8E34-54C8-470F-B45A-9D6D56FEEB45}"
EndProject
Project("{FAE04EC0-301F-11D3-BF4B-00C04F79EFBC}") = "Application", "Application\Application.csproj", "{E8DC8441-FECA-441B-9526-50887874BB54}"
EndProject
Project("{FAE04EC0-301F-11D3-BF4B-00C04F79EFBC}") = "Persistence", "Persistence\Persistence.csproj", "{06D34709-372D-4AE1-87E5-47A550561E7E}"
EndProject
Project("{FAE04EC0-301F-11D3-BF4B-00C04F79EFBC}") = "API", "API\API.csproj", "{E59004DE-9655-411B-9066-711BEA069062}"
EndProject
Project("{FAE04EC0-301F-11D3-BF4B-00C04F79EFBC}") = "Infrastructure", "Infrastructure\Infrastructure.csproj", "{3B95EB02-B45B-4E5B-A8BB-81ECD6B64369}"
EndProject
Global
	GlobalSection(SolutionConfigurationPlatforms) = preSolution
		Debug|Any CPU = Debug|Any CPU
		Debug|x64 = Debug|x64
		Debug|x86 = Debug|x86
		Release|Any CPU = Release|Any CPU
		Release|x64 = Release|x64
		Release|x86 = Release|x86
	EndGlobalSection
	GlobalSection(SolutionProperties) = preSolution
		HideSolutionNode = FALSE
	EndGlobalSection
	GlobalSection(ProjectConfigurationPlatforms) = postSolution
		{A3EB8E34-54C8-470F-B45A-9D6D56FEEB45}.Debug|Any CPU.ActiveCfg = Debug|Any CPU
		{A3EB8E34-54C8-470F-B45A-9D6D56FEEB45}.Debug|Any CPU.Build.0 = Debug|Any CPU
		{A3EB8E34-54C8-470F-B45A-9D6D56FEEB45}.Debug|x64.ActiveCfg = Debug|Any CPU
		{A3EB8E34-54C8-470F-B45A-9D6D56FEEB45}.Debug|x64.Build.0 = Debug|Any CPU
		{A3EB8E34-54C8-470F-B45A-9D6D56FEEB45}.Debug|x86.ActiveCfg = Debug|Any CPU
		{A3EB8E34-54C8-470F-B45A-9D6D56FEEB45}.Debug|x86.Build.0 = Debug|Any CPU
		{A3EB8E34-54C8-470F-B45A-9D6D56FEEB45}.Release|Any CPU.ActiveCfg = Release|Any CPU
		{A3EB8E34-54C8-470F-B45A-9D6D56FEEB45}.Release|Any CPU.Build.0 = Release|Any CPU
		{A3EB8E34-54C8-470F-B45A-9D6D56FEEB45}.Release|x64.ActiveCfg = Release|Any CPU
		{A3EB8E34-54C8-470F-B45A-9D6D56FEEB45}.Release|x64.Build.0 = Release|Any CPU
		{A3EB8E34-54C8-470F-B45A-9D6D56FEEB45}.Release|x86.ActiveCfg = Release|Any CPU
		{A3EB8E34-54C8-470F-B45A-9D6D56FEEB45}.Release|x86.Build.0 = Release|Any CPU
		{E8DC8441-FECA-441B-9526-50887874BB54}.Debug|Any CPU.ActiveCfg = Debug|Any CPU
		{E8DC8441-FECA-441B-9526-50887874BB54}.Debug|Any CPU.Build.0 = Debug|Any CPU
		{E8DC8441-FECA-441B-9526-50887874BB54}.Debug|x64.ActiveCfg = Debug|Any CPU
		{E8DC8441-FECA-441B-9526-50887874BB54}.Debug|x64.Build.0 = Debug|Any CPU
		{E8DC8441-FECA-441B-9526-50887874BB54}.Debug|x86.ActiveCfg = Debug|Any CPU
		{E8DC8441-FECA-441B-9526-50887874BB54}.Debug|x86.Build.0 = Debug|Any CPU
		{E8DC8441-FECA-441B-9526-50887874BB54}.Release|Any CPU.ActiveCfg = Release|Any CPU
		{E8DC8441-FECA-441B-9526-50887874BB54}.Release|Any CPU.Build.0 = Release|Any CPU
		{E8DC8441-FECA-441B-9526-50887874BB54}.Release|x64.ActiveCfg = Release|Any CPU
		{E8DC8441-FECA-441B-9526-50887874BB54}.Release|x64.Build.0 = Release|Any CPU
		{E8DC8441-FECA-441B-9526-50887874BB54}.Release|x86.ActiveCfg = Release|Any CPU
		{E8DC8441-FECA-441B-9526-50887874BB54}.Release|x86.Build.0 = Release|Any CPU
		{06D34709-372D-4AE1-87E5-47A550561E7E}.Debug|Any CPU.ActiveCfg = Debug|Any CPU
		{06D34709-372D-4AE1-87E5-47A550561E7E}.Debug|Any CPU.Build.0 = Debug|Any CPU
		{06D34709-372D-4AE1-87E5-47A550561E7E}.Debug|x64.ActiveCfg = Debug|Any CPU
		{06D34709-372D-4AE1-87E5-47A550561E7E}.Debug|x64.Build.0 = Debug|Any CPU
		{06D34709-372D-4AE1-87E5-47A550561E7E}.Debug|x86.ActiveCfg = Debug|Any CPU
		{06D34709-372D-4AE1-87E5-47A550561E7E}.Debug|x86.Build.0 = Debug|Any CPU
		{06D34709-372D-4AE1-87E5-47A550561E7E}.Release|Any CPU.ActiveCfg = Release|Any CPU
		{06D34709-372D-4AE1-87E5-47A550561E7E}.Release|Any CPU.Build.0 = Release|Any CPU
		{06D34709-372D-4AE1-87E5-47A550561E7E}.Release|x64.ActiveCfg = Release|Any CPU
		{06D34709-372D-4AE1-87E5-47A550561E7E}.Release|x64.Build.0 = Release|Any CPU
		{06D34709-372D-4AE1-87E5-47A550561E7E}.Release|x86.ActiveCfg = Release|Any CPU
		{06D34709-372D-4AE1-87E5-47A550561E7E}.Release|x86.Build.0 = Release|Any CPU
		{E59004DE-9655-411B-9066-711BEA069062}.Debug|Any CPU.ActiveCfg = Debug|Any CPU
		{E59004DE-9655-411B-9066-711BEA069062}.Debug|Any CPU.Build.0 = Debug|Any CPU
		{E59004DE-9655-411B-9066-711BEA069062}.Debug|x64.ActiveCfg = Debug|Any CPU
		{E59004DE-9655-411B-9066-711BEA069062}.Debug|x64.Build.0 = Debug|Any CPU
		{E59004DE-9655-411B-9066-711BEA069062}.Debug|x86.ActiveCfg = Debug|Any CPU
		{E59004DE-9655-411B-9066-711BEA069062}.Debug|x86.Build.0 = Debug|Any CPU
		{E59004DE-9655-411B-9066-711BEA069062}.Release|Any CPU.ActiveCfg = Release|Any CPU
		{E59004DE-9655-411B-9066-711BEA069062}.Release|Any CPU.Build.0 = Release|Any CPU
		{E59004DE-9655-411B-9066-711BEA069062}.Release|x64.ActiveCfg = Release|Any CPU
		{E59004DE-9655-411B-9066-711BEA069062}.Release|x64.Build.0 = Release|Any CPU
		{E59004DE-9655-411B-9066-711BEA069062}.Release|x86.ActiveCfg = Release|Any CPU
		{E59004DE-9655-411B-9066-711BEA069062}.Release|x86.Build.0 = Release|Any CPU
		{3B95EB02-B45B-4E5B-A8BB-81ECD6B64369}.Debug|Any CPU.ActiveCfg = Debug|Any CPU
		{3B95EB02-B45B-4E5B-A8BB-81ECD6B64369}.Debug|Any CPU.Build.0 = Debug|Any CPU
		{3B95EB02-B45B-4E5B-A8BB-81ECD6B64369}.Debug|x64.ActiveCfg = Debug|Any CPU
		{3B95EB02-B45B-4E5B-A8BB-81ECD6B64369}.Debug|x64.Build.0 = Debug|Any CPU
		{3B95EB02-B45B-4E5B-A8BB-81ECD6B64369}.Debug|x86.ActiveCfg = Debug|Any CPU
		{3B95EB02-B45B-4E5B-A8BB-81ECD6B64369}.Debug|x86.Build.0 = Debug|Any CPU
		{3B95EB02-B45B-4E5B-A8BB-81ECD6B64369}.Release|Any CPU.ActiveCfg = Release|Any CPU
		{3B95EB02-B45B-4E5B-A8BB-81ECD6B64369}.Release|Any CPU.Build.0 = Release|Any CPU
		{3B95EB02-B45B-4E5B-A8BB-81ECD6B64369}.Release|x64.ActiveCfg = Release|Any CPU
		{3B95EB02-B45B-4E5B-A8BB-81ECD6B64369}.Release|x64.Build.0 = Release|Any CPU
		{3B95EB02-B45B-4E5B-A8BB-81ECD6B64369}.Release|x86.ActiveCfg = Release|Any CPU
		{3B95EB02-B45B-4E5B-A8BB-81ECD6B64369}.Release|x86.Build.0 = Release|Any CPU
	EndGlobalSection
EndGlobal
